
Microsoft Visual Studio Solution File, Format Version 12.00
# Visual Studio Version 17
VisualStudioVersion = 17.0.31919.166
MinimumVisualStudioVersion = 10.0.40219.1
Project("{2150E333-8FDC-42A3-9474-1A3956D46DE8}") = "src", "src", "{E85DABF8-16F6-4575-A966-887C21874FB3}"
EndProject
Project("{9A19103F-16F7-4668-BE54-9A1E7A4F7556}") = "Mbp.Core", "src\Mbp.Core\Mbp.Core.csproj", "{AEDA21EA-3575-473B-A64A-BC04E3D8D9E5}"
EndProject
Project("{2150E333-8FDC-42A3-9474-1A3956D46DE8}") = "test", "test", "{5782A35A-ED6D-46D1-9431-35288107DEC1}"
EndProject
Project("{9A19103F-16F7-4668-BE54-9A1E7A4F7556}") = "Mbp.Net", "src\Mbp.Net\Mbp.Net.csproj", "{67BF3BC3-7512-4FA5-9167-9314E66842A5}"
EndProject
Project("{9A19103F-16F7-4668-BE54-9A1E7A4F7556}") = "Mbp.DataAccess", "src\Mbp.DataAccess\Mbp.DataAccess.csproj", "{2C54CB6B-B2E9-4CC3-B377-A83D2BED5F83}"
EndProject
Project("{9A19103F-16F7-4668-BE54-9A1E7A4F7556}") = "Mbp.Discovery", "src\Mbp.Discovery\Mbp.Discovery.csproj", "{9A0A8421-5B4F-44C9-9275-C372C0B6F981}"
EndProject
Project("{9A19103F-16F7-4668-BE54-9A1E7A4F7556}") = "Mbp.Ddd", "src\Mbp.Ddd\Mbp.Ddd.csproj", "{5C3AB5A2-BCC0-40B3-83D4-5E9EF570F965}"
EndProject
Project("{9A19103F-16F7-4668-BE54-9A1E7A4F7556}") = "Mbp.Config.Apollo", "src\Mbp.Config\Mbp.Config.Apollo.csproj", "{13A67F7C-6D7E-4C7D-B1F7-CD5D856A3293}"
EndProject
Project("{9A19103F-16F7-4668-BE54-9A1E7A4F7556}") = "Mbp.Framework.Application", "Framework\Mbp.Framework.Application\Mbp.Framework.Application.csproj", "{8017525E-3444-43A8-9B42-3C544F06A098}"
EndProject
Project("{9A19103F-16F7-4668-BE54-9A1E7A4F7556}") = "Mbp.Framework.Application.Contracts", "Framework\Mbp.Framework.Contracts\Mbp.Framework.Application.Contracts.csproj", "{ED2C3C0F-CFA6-4661-BD8A-A6F0B4D14C73}"
EndProject
Project("{9A19103F-16F7-4668-BE54-9A1E7A4F7556}") = "Mbp.Framework.Domain", "Framework\Mbp.Framework.Domain\Mbp.Framework.Domain.csproj", "{56E0C294-689E-480C-AD9A-2996030D7FEE}"
EndProject
Project("{9A19103F-16F7-4668-BE54-9A1E7A4F7556}") = "Mbp.Framework.Domain.Share", "Framework\Mbp.Framework.Domain.Share\Mbp.Framework.Domain.Share.csproj", "{0F69E00B-459A-4928-8AD6-8CFF9E283DDE}"
EndProject
Project("{9A19103F-16F7-4668-BE54-9A1E7A4F7556}") = "Mbp.Framework.Web", "Framework\Mbp.Framework.Web\Mbp.Framework.Web.csproj", "{CC980B5E-D8C4-49E3-84D3-0DD3F33023FF}"
EndProject
Project("{2150E333-8FDC-42A3-9474-1A3956D46DE8}") = "Framework", "Framework", "{3A0428E2-6013-400D-97D4-3007917910F7}"
EndProject
Project("{9A19103F-16F7-4668-BE54-9A1E7A4F7556}") = "Mbp.AspNetCore.Test", "test\Mbp.Web.Test\Mbp.AspNetCore.Test.csproj", "{F41FFD98-E36A-4D3A-A646-B980EA91FDDA}"
EndProject
Project("{9A19103F-16F7-4668-BE54-9A1E7A4F7556}") = "Mbp.Ddd.Test", "test\Mbp.Ddd.Test\Mbp.Ddd.Test.csproj", "{E889C809-760D-4655-B83C-C2EE3641ABAF}"
EndProject
Project("{9A19103F-16F7-4668-BE54-9A1E7A4F7556}") = "Mbp.Core.Test", "test\Mbp.Core.Test\Mbp.Core.Test.csproj", "{9BE841A5-069C-4752-876A-802F62C84FB6}"
EndProject
Project("{9A19103F-16F7-4668-BE54-9A1E7A4F7556}") = "Mbp.Test.Base", "test\Mbp.Test.Base\Mbp.Test.Base.csproj", "{76F8A63C-2B39-4913-92AB-7129667445FE}"
EndProject
Project("{9A19103F-16F7-4668-BE54-9A1E7A4F7556}") = "Mbp.Caching.Test", "test\Mbp.Caching.Test\Mbp.Caching.Test.csproj", "{CD8042D0-9108-4384-991F-139F18DED139}"
EndProject
Project("{9A19103F-16F7-4668-BE54-9A1E7A4F7556}") = "Mbp.Discovery.Test", "test\Mbp.Discovery.Test\Mbp.Discovery.Test.csproj", "{0D48365E-4C40-4205-ACFF-C14773826B09}"
EndProject
Project("{9A19103F-16F7-4668-BE54-9A1E7A4F7556}") = "Mbp.AspNetCore", "src\Mbp.AspNetCore\Mbp.AspNetCore.csproj", "{5223DFB0-516A-4A8C-969E-38D0DDE41BEE}"
EndProject
Project("{2150E333-8FDC-42A3-9474-1A3956D46DE8}") = "Infrastructure", "Infrastructure", "{8311635C-10A1-4FB9-BD21-4BD6DDD70233}"
EndProject
Project("{2150E333-8FDC-42A3-9474-1A3956D46DE8}") = "Core", "Core", "{D94AD9B1-7957-4182-8873-5BB82FE5FA0D}"
EndProject
Project("{9A19103F-16F7-4668-BE54-9A1E7A4F7556}") = "Mbp.Caching", "src\Mbp.Caching\Mbp.Caching.csproj", "{D679ABDA-439B-4254-8D56-2A494DCC15FC}"
EndProject
Project("{9A19103F-16F7-4668-BE54-9A1E7A4F7556}") = "Mbp.EventBus", "src\Mbp.EventBus\Mbp.EventBus.csproj", "{F8706E65-A471-4ECE-BABA-A8A4105969BA}"
EndProject
Project("{9A19103F-16F7-4668-BE54-9A1E7A4F7556}") = "Mbp.Logging", "src\Mbp.Logging\Mbp.Logging.csproj", "{38A656DC-741C-435A-B7C4-E23C1C8A8FFB}"
EndProject
Project("{2150E333-8FDC-42A3-9474-1A3956D46DE8}") = "Components", "Components", "{B4DFC286-6C78-4525-95BB-BAAD6F4DFB6D}"
EndProject
Project("{2150E333-8FDC-42A3-9474-1A3956D46DE8}") = "tools", "tools", "{1A8E635D-48BC-4ECA-9376-91715C85E673}"
EndProject
Project("{9A19103F-16F7-4668-BE54-9A1E7A4F7556}") = "Tool.CLI", "tools\Tool.CLI\Tool.CLI.csproj", "{85593DBE-2C54-4DE6-B704-5C661105E329}"
EndProject
Global
	GlobalSection(SolutionConfigurationPlatforms) = preSolution
		Debug|Any CPU = Debug|Any CPU
		Release|Any CPU = Release|Any CPU
	EndGlobalSection
	GlobalSection(ProjectConfigurationPlatforms) = postSolution
		{AEDA21EA-3575-473B-A64A-BC04E3D8D9E5}.Debug|Any CPU.ActiveCfg = Debug|Any CPU
		{AEDA21EA-3575-473B-A64A-BC04E3D8D9E5}.Debug|Any CPU.Build.0 = Debug|Any CPU
		{AEDA21EA-3575-473B-A64A-BC04E3D8D9E5}.Release|Any CPU.ActiveCfg = Release|Any CPU
		{AEDA21EA-3575-473B-A64A-BC04E3D8D9E5}.Release|Any CPU.Build.0 = Release|Any CPU
		{67BF3BC3-7512-4FA5-9167-9314E66842A5}.Debug|Any CPU.ActiveCfg = Debug|Any CPU
		{67BF3BC3-7512-4FA5-9167-9314E66842A5}.Debug|Any CPU.Build.0 = Debug|Any CPU
		{67BF3BC3-7512-4FA5-9167-9314E66842A5}.Release|Any CPU.ActiveCfg = Release|Any CPU
		{67BF3BC3-7512-4FA5-9167-9314E66842A5}.Release|Any CPU.Build.0 = Release|Any CPU
		{2C54CB6B-B2E9-4CC3-B377-A83D2BED5F83}.Debug|Any CPU.ActiveCfg = Debug|Any CPU
		{2C54CB6B-B2E9-4CC3-B377-A83D2BED5F83}.Debug|Any CPU.Build.0 = Debug|Any CPU
		{2C54CB6B-B2E9-4CC3-B377-A83D2BED5F83}.Release|Any CPU.ActiveCfg = Release|Any CPU
		{2C54CB6B-B2E9-4CC3-B377-A83D2BED5F83}.Release|Any CPU.Build.0 = Release|Any CPU
		{9A0A8421-5B4F-44C9-9275-C372C0B6F981}.Debug|Any CPU.ActiveCfg = Debug|Any CPU
		{9A0A8421-5B4F-44C9-9275-C372C0B6F981}.Debug|Any CPU.Build.0 = Debug|Any CPU
		{9A0A8421-5B4F-44C9-9275-C372C0B6F981}.Release|Any CPU.ActiveCfg = Release|Any CPU
		{9A0A8421-5B4F-44C9-9275-C372C0B6F981}.Release|Any CPU.Build.0 = Release|Any CPU
		{5C3AB5A2-BCC0-40B3-83D4-5E9EF570F965}.Debug|Any CPU.ActiveCfg = Debug|Any CPU
		{5C3AB5A2-BCC0-40B3-83D4-5E9EF570F965}.Debug|Any CPU.Build.0 = Debug|Any CPU
		{5C3AB5A2-BCC0-40B3-83D4-5E9EF570F965}.Release|Any CPU.ActiveCfg = Release|Any CPU
		{5C3AB5A2-BCC0-40B3-83D4-5E9EF570F965}.Release|Any CPU.Build.0 = Release|Any CPU
		{13A67F7C-6D7E-4C7D-B1F7-CD5D856A3293}.Debug|Any CPU.ActiveCfg = Debug|Any CPU
		{13A67F7C-6D7E-4C7D-B1F7-CD5D856A3293}.Debug|Any CPU.Build.0 = Debug|Any CPU
		{13A67F7C-6D7E-4C7D-B1F7-CD5D856A3293}.Release|Any CPU.ActiveCfg = Release|Any CPU
		{13A67F7C-6D7E-4C7D-B1F7-CD5D856A3293}.Release|Any CPU.Build.0 = Release|Any CPU
		{8017525E-3444-43A8-9B42-3C544F06A098}.Debug|Any CPU.ActiveCfg = Debug|Any CPU
		{8017525E-3444-43A8-9B42-3C544F06A098}.Debug|Any CPU.Build.0 = Debug|Any CPU
		{8017525E-3444-43A8-9B42-3C544F06A098}.Release|Any CPU.ActiveCfg = Release|Any CPU
		{8017525E-3444-43A8-9B42-3C544F06A098}.Release|Any CPU.Build.0 = Release|Any CPU
		{ED2C3C0F-CFA6-4661-BD8A-A6F0B4D14C73}.Debug|Any CPU.ActiveCfg = Debug|Any CPU
		{ED2C3C0F-CFA6-4661-BD8A-A6F0B4D14C73}.Debug|Any CPU.Build.0 = Debug|Any CPU
		{ED2C3C0F-CFA6-4661-BD8A-A6F0B4D14C73}.Release|Any CPU.ActiveCfg = Release|Any CPU
		{ED2C3C0F-CFA6-4661-BD8A-A6F0B4D14C73}.Release|Any CPU.Build.0 = Release|Any CPU
		{56E0C294-689E-480C-AD9A-2996030D7FEE}.Debug|Any CPU.ActiveCfg = Debug|Any CPU
		{56E0C294-689E-480C-AD9A-2996030D7FEE}.Debug|Any CPU.Build.0 = Debug|Any CPU
		{56E0C294-689E-480C-AD9A-2996030D7FEE}.Release|Any CPU.ActiveCfg = Release|Any CPU
		{56E0C294-689E-480C-AD9A-2996030D7FEE}.Release|Any CPU.Build.0 = Release|Any CPU
		{0F69E00B-459A-4928-8AD6-8CFF9E283DDE}.Debug|Any CPU.ActiveCfg = Debug|Any CPU
		{0F69E00B-459A-4928-8AD6-8CFF9E283DDE}.Debug|Any CPU.Build.0 = Debug|Any CPU
		{0F69E00B-459A-4928-8AD6-8CFF9E283DDE}.Release|Any CPU.ActiveCfg = Release|Any CPU
		{0F69E00B-459A-4928-8AD6-8CFF9E283DDE}.Release|Any CPU.Build.0 = Release|Any CPU
		{CC980B5E-D8C4-49E3-84D3-0DD3F33023FF}.Debug|Any CPU.ActiveCfg = Debug|Any CPU
		{CC980B5E-D8C4-49E3-84D3-0DD3F33023FF}.Debug|Any CPU.Build.0 = Debug|Any CPU
		{CC980B5E-D8C4-49E3-84D3-0DD3F33023FF}.Release|Any CPU.ActiveCfg = Release|Any CPU
		{CC980B5E-D8C4-49E3-84D3-0DD3F33023FF}.Release|Any CPU.Build.0 = Release|Any CPU
		{F41FFD98-E36A-4D3A-A646-B980EA91FDDA}.Debug|Any CPU.ActiveCfg = Debug|Any CPU
		{F41FFD98-E36A-4D3A-A646-B980EA91FDDA}.Debug|Any CPU.Build.0 = Debug|Any CPU
		{F41FFD98-E36A-4D3A-A646-B980EA91FDDA}.Release|Any CPU.ActiveCfg = Release|Any CPU
		{F41FFD98-E36A-4D3A-A646-B980EA91FDDA}.Release|Any CPU.Build.0 = Release|Any CPU
		{E889C809-760D-4655-B83C-C2EE3641ABAF}.Debug|Any CPU.ActiveCfg = Debug|Any CPU
		{E889C809-760D-4655-B83C-C2EE3641ABAF}.Debug|Any CPU.Build.0 = Debug|Any CPU
		{E889C809-760D-4655-B83C-C2EE3641ABAF}.Release|Any CPU.ActiveCfg = Release|Any CPU
		{E889C809-760D-4655-B83C-C2EE3641ABAF}.Release|Any CPU.Build.0 = Release|Any CPU
		{9BE841A5-069C-4752-876A-802F62C84FB6}.Debug|Any CPU.ActiveCfg = Debug|Any CPU
		{9BE841A5-069C-4752-876A-802F62C84FB6}.Debug|Any CPU.Build.0 = Debug|Any CPU
		{9BE841A5-069C-4752-876A-802F62C84FB6}.Release|Any CPU.ActiveCfg = Release|Any CPU
		{9BE841A5-069C-4752-876A-802F62C84FB6}.Release|Any CPU.Build.0 = Release|Any CPU
		{76F8A63C-2B39-4913-92AB-7129667445FE}.Debug|Any CPU.ActiveCfg = Debug|Any CPU
		{76F8A63C-2B39-4913-92AB-7129667445FE}.Debug|Any CPU.Build.0 = Debug|Any CPU
		{76F8A63C-2B39-4913-92AB-7129667445FE}.Release|Any CPU.ActiveCfg = Release|Any CPU
		{76F8A63C-2B39-4913-92AB-7129667445FE}.Release|Any CPU.Build.0 = Release|Any CPU
		{CD8042D0-9108-4384-991F-139F18DED139}.Debug|Any CPU.ActiveCfg = Debug|Any CPU
		{CD8042D0-9108-4384-991F-139F18DED139}.Debug|Any CPU.Build.0 = Debug|Any CPU
		{CD8042D0-9108-4384-991F-139F18DED139}.Release|Any CPU.ActiveCfg = Release|Any CPU
		{CD8042D0-9108-4384-991F-139F18DED139}.Release|Any CPU.Build.0 = Release|Any CPU
		{0D48365E-4C40-4205-ACFF-C14773826B09}.Debug|Any CPU.ActiveCfg = Debug|Any CPU
		{0D48365E-4C40-4205-ACFF-C14773826B09}.Debug|Any CPU.Build.0 = Debug|Any CPU
		{0D48365E-4C40-4205-ACFF-C14773826B09}.Release|Any CPU.ActiveCfg = Release|Any CPU
		{0D48365E-4C40-4205-ACFF-C14773826B09}.Release|Any CPU.Build.0 = Release|Any CPU
		{5223DFB0-516A-4A8C-969E-38D0DDE41BEE}.Debug|Any CPU.ActiveCfg = Debug|Any CPU
		{5223DFB0-516A-4A8C-969E-38D0DDE41BEE}.Debug|Any CPU.Build.0 = Debug|Any CPU
		{5223DFB0-516A-4A8C-969E-38D0DDE41BEE}.Release|Any CPU.ActiveCfg = Release|Any CPU
		{5223DFB0-516A-4A8C-969E-38D0DDE41BEE}.Release|Any CPU.Build.0 = Release|Any CPU
		{D679ABDA-439B-4254-8D56-2A494DCC15FC}.Debug|Any CPU.ActiveCfg = Debug|Any CPU
		{D679ABDA-439B-4254-8D56-2A494DCC15FC}.Debug|Any CPU.Build.0 = Debug|Any CPU
		{D679ABDA-439B-4254-8D56-2A494DCC15FC}.Release|Any CPU.ActiveCfg = Release|Any CPU
		{D679ABDA-439B-4254-8D56-2A494DCC15FC}.Release|Any CPU.Build.0 = Release|Any CPU
		{F8706E65-A471-4ECE-BABA-A8A4105969BA}.Debug|Any CPU.ActiveCfg = Debug|Any CPU
		{F8706E65-A471-4ECE-BABA-A8A4105969BA}.Debug|Any CPU.Build.0 = Debug|Any CPU
		{F8706E65-A471-4ECE-BABA-A8A4105969BA}.Release|Any CPU.ActiveCfg = Release|Any CPU
		{F8706E65-A471-4ECE-BABA-A8A4105969BA}.Release|Any CPU.Build.0 = Release|Any CPU
		{38A656DC-741C-435A-B7C4-E23C1C8A8FFB}.Debug|Any CPU.ActiveCfg = Debug|Any CPU
		{38A656DC-741C-435A-B7C4-E23C1C8A8FFB}.Debug|Any CPU.Build.0 = Debug|Any CPU
		{38A656DC-741C-435A-B7C4-E23C1C8A8FFB}.Release|Any CPU.ActiveCfg = Release|Any CPU
		{38A656DC-741C-435A-B7C4-E23C1C8A8FFB}.Release|Any CPU.Build.0 = Release|Any CPU
		{85593DBE-2C54-4DE6-B704-5C661105E329}.Debug|Any CPU.ActiveCfg = Debug|Any CPU
		{85593DBE-2C54-4DE6-B704-5C661105E329}.Debug|Any CPU.Build.0 = Debug|Any CPU
		{85593DBE-2C54-4DE6-B704-5C661105E329}.Release|Any CPU.ActiveCfg = Release|Any CPU
		{85593DBE-2C54-4DE6-B704-5C661105E329}.Release|Any CPU.Build.0 = Release|Any CPU
	EndGlobalSection
	GlobalSection(SolutionProperties) = preSolution
		HideSolutionNode = FALSE
	EndGlobalSection
	GlobalSection(NestedProjects) = preSolution
		{AEDA21EA-3575-473B-A64A-BC04E3D8D9E5} = {D94AD9B1-7957-4182-8873-5BB82FE5FA0D}
		{67BF3BC3-7512-4FA5-9167-9314E66842A5} = {B4DFC286-6C78-4525-95BB-BAAD6F4DFB6D}
		{2C54CB6B-B2E9-4CC3-B377-A83D2BED5F83} = {B4DFC286-6C78-4525-95BB-BAAD6F4DFB6D}
		{9A0A8421-5B4F-44C9-9275-C372C0B6F981} = {B4DFC286-6C78-4525-95BB-BAAD6F4DFB6D}
		{5C3AB5A2-BCC0-40B3-83D4-5E9EF570F965} = {B4DFC286-6C78-4525-95BB-BAAD6F4DFB6D}
		{13A67F7C-6D7E-4C7D-B1F7-CD5D856A3293} = {B4DFC286-6C78-4525-95BB-BAAD6F4DFB6D}
		{8017525E-3444-43A8-9B42-3C544F06A098} = {3A0428E2-6013-400D-97D4-3007917910F7}
		{ED2C3C0F-CFA6-4661-BD8A-A6F0B4D14C73} = {3A0428E2-6013-400D-97D4-3007917910F7}
		{56E0C294-689E-480C-AD9A-2996030D7FEE} = {3A0428E2-6013-400D-97D4-3007917910F7}
		{0F69E00B-459A-4928-8AD6-8CFF9E283DDE} = {3A0428E2-6013-400D-97D4-3007917910F7}
		{CC980B5E-D8C4-49E3-84D3-0DD3F33023FF} = {3A0428E2-6013-400D-97D4-3007917910F7}
		{3A0428E2-6013-400D-97D4-3007917910F7} = {E85DABF8-16F6-4575-A966-887C21874FB3}
		{F41FFD98-E36A-4D3A-A646-B980EA91FDDA} = {5782A35A-ED6D-46D1-9431-35288107DEC1}
		{E889C809-760D-4655-B83C-C2EE3641ABAF} = {5782A35A-ED6D-46D1-9431-35288107DEC1}
		{9BE841A5-069C-4752-876A-802F62C84FB6} = {5782A35A-ED6D-46D1-9431-35288107DEC1}
		{76F8A63C-2B39-4913-92AB-7129667445FE} = {5782A35A-ED6D-46D1-9431-35288107DEC1}
		{CD8042D0-9108-4384-991F-139F18DED139} = {5782A35A-ED6D-46D1-9431-35288107DEC1}
		{0D48365E-4C40-4205-ACFF-C14773826B09} = {5782A35A-ED6D-46D1-9431-35288107DEC1}
		{5223DFB0-516A-4A8C-969E-38D0DDE41BEE} = {D94AD9B1-7957-4182-8873-5BB82FE5FA0D}
		{8311635C-10A1-4FB9-BD21-4BD6DDD70233} = {E85DABF8-16F6-4575-A966-887C21874FB3}
		{D94AD9B1-7957-4182-8873-5BB82FE5FA0D} = {E85DABF8-16F6-4575-A966-887C21874FB3}
		{D679ABDA-439B-4254-8D56-2A494DCC15FC} = {8311635C-10A1-4FB9-BD21-4BD6DDD70233}
		{F8706E65-A471-4ECE-BABA-A8A4105969BA} = {8311635C-10A1-4FB9-BD21-4BD6DDD70233}
		{38A656DC-741C-435A-B7C4-E23C1C8A8FFB} = {8311635C-10A1-4FB9-BD21-4BD6DDD70233}
		{B4DFC286-6C78-4525-95BB-BAAD6F4DFB6D} = {E85DABF8-16F6-4575-A966-887C21874FB3}
		{85593DBE-2C54-4DE6-B704-5C661105E329} = {1A8E635D-48BC-4ECA-9376-91715C85E673}
	EndGlobalSection
	GlobalSection(ExtensibilityGlobals) = postSolution
		SolutionGuid = {D027D311-D6E9-44B0-B576-1298A77C080E}
	EndGlobalSection
EndGlobal
